<?xml version="1.0" encoding="utf-8"?>
<Project ToolsVersion="4.0" xmlns="http://schemas.microsoft.com/developer/msbuild/2003">
  <ItemGroup>
    <Filter Include="object">
      <UniqueIdentifier>{b2e192b9-0d24-4517-91d2-13836b8be6cf}</UniqueIdentifier>
    </Filter>
  </ItemGroup>
  <ItemGroup>
    <ClCompile Include="main.cpp" />
    <ClCompile Include="CMonster.cpp">
      <Filter>object</Filter>
    </ClCompile>
    <ClCompile Include="CSystem.cpp">
      <Filter>object</Filter>
    </ClCompile>
    <ClCompile Include="CMap.cpp">
      <Filter>object</Filter>
    </ClCompile>
    <ClCompile Include="소스.cpp" />
    <ClCompile Include="Doublebuffer.cpp" />
    <ClCompile Include="Character.cpp">
      <Filter>object</Filter>
    </ClCompile>
  </ItemGroup>
  <ItemGroup>
    <ClInclude Include="CMonster.h">
      <Filter>object</Filter>
    </ClInclude>
    <ClInclude Include="CSystem.h">
      <Filter>object</Filter>
    </ClInclude>
    <ClInclude Include="CMap.h">
      <Filter>object</Filter>
    </ClInclude>
    <ClInclude Include="Doublebuffer.h" />
    <ClInclude Include="Character.h">
      <Filter>object</Filter>
    </ClInclude>
  </ItemGroup>
</Project>